
Microsoft Visual Studio Solution File, Format Version 12.00
# Visual Studio Version 17
VisualStudioVersion = 17.13.35828.75 d17.13
MinimumVisualStudioVersion = 10.0.40219.1
Project("{FAE04EC0-301F-11D3-BF4B-00C04F79EFBC}") = "API_Metrics", "API_Metrics\API_Metrics.csproj", "{E3A82674-6BD5-413C-96CD-BB730061CF8D}"
EndProject
Global
	GlobalSection(SolutionConfigurationPlatforms) = preSolution
		Debug|Any CPU = Debug|Any CPU
		Release|Any CPU = Release|Any CPU
	EndGlobalSection
	GlobalSection(ProjectConfigurationPlatforms) = postSolution
		{E3A82674-6BD5-413C-96CD-BB730061CF8D}.Debug|Any CPU.ActiveCfg = Debug|Any CPU
		{E3A82674-6BD5-413C-96CD-BB730061CF8D}.Debug|Any CPU.Build.0 = Debug|Any CPU
		{E3A82674-6BD5-413C-96CD-BB730061CF8D}.Release|Any CPU.ActiveCfg = Release|Any CPU
		{E3A82674-6BD5-413C-96CD-BB730061CF8D}.Release|Any CPU.Build.0 = Release|Any CPU
	EndGlobalSection
	GlobalSection(SolutionProperties) = preSolution
		HideSolutionNode = FALSE
	EndGlobalSection
	GlobalSection(ExtensibilityGlobals) = postSolution
		SolutionGuid = {1F44322D-899A-44BB-9248-8EFCB938DE5F}
	EndGlobalSection
EndGlobal
